
Microsoft Visual Studio Solution File, Format Version 12.00
# Visual Studio Version 16
VisualStudioVersion = 16.0.29025.244
MinimumVisualStudioVersion = 10.0.40219.1
Project("{8BC9CEB8-8B4A-11D0-8D11-00A0C91BC942}") = "QLDSV1", "QLDSV1\QLDSV1.vcxproj", "{70428378-DC71-4994-8CEE-2B90DDB330F9}"
EndProject
Global
	GlobalSection(SolutionConfigurationPlatforms) = preSolution
		Debug|x64 = Debug|x64
		Debug|x86 = Debug|x86
		Release|x64 = Release|x64
		Release|x86 = Release|x86
	EndGlobalSection
	GlobalSection(ProjectConfigurationPlatforms) = postSolution
		{70428378-DC71-4994-8CEE-2B90DDB330F9}.Debug|x64.ActiveCfg = Debug|x64
		{70428378-DC71-4994-8CEE-2B90DDB330F9}.Debug|x64.Build.0 = Debug|x64
		{70428378-DC71-4994-8CEE-2B90DDB330F9}.Debug|x86.ActiveCfg = Debug|Win32
		{70428378-DC71-4994-8CEE-2B90DDB330F9}.Debug|x86.Build.0 = Debug|Win32
		{70428378-DC71-4994-8CEE-2B90DDB330F9}.Release|x64.ActiveCfg = Release|x64
		{70428378-DC71-4994-8CEE-2B90DDB330F9}.Release|x64.Build.0 = Release|x64
		{70428378-DC71-4994-8CEE-2B90DDB330F9}.Release|x86.ActiveCfg = Release|Win32
		{70428378-DC71-4994-8CEE-2B90DDB330F9}.Release|x86.Build.0 = Release|Win32
	EndGlobalSection
	GlobalSection(SolutionProperties) = preSolution
		HideSolutionNode = FALSE
	EndGlobalSection
	GlobalSection(ExtensibilityGlobals) = postSolution
		SolutionGuid = {6FB126C3-44C7-45F2-A1B9-0558FA7C4553}
	EndGlobalSection
EndGlobal
